
Microsoft Visual Studio Solution File, Format Version 12.00
# Visual Studio Version 17
VisualStudioVersion = 17.8.34316.72
MinimumVisualStudioVersion = 10.0.40219.1
Project("{FAE04EC0-301F-11D3-BF4B-00C04F79EFBC}") = "CaseOpener.API", "CaseOpener.API\CaseOpener.API.csproj", "{3EDA8A42-0904-4152-BD1E-67CC3E6439C0}"
EndProject
Project("{FAE04EC0-301F-11D3-BF4B-00C04F79EFBC}") = "CaseOpener.Core", "CaseOpener.Core\CaseOpener.Core.csproj", "{8ABFC110-602D-432F-B0A3-CEC79B97CC34}"
EndProject
Project("{FAE04EC0-301F-11D3-BF4B-00C04F79EFBC}") = "CaseOpener.Infrastructure", "CaseOpener.Infrastructure\CaseOpener.Infrastructure.csproj", "{92E4E90E-A88C-44B4-84F4-E4331C32914A}"
EndProject
Project("{FAE04EC0-301F-11D3-BF4B-00C04F79EFBC}") = "CaseOpener.UnitTests", "CaseOpener.UnitTests\CaseOpener.UnitTests.csproj", "{40ED9306-3BB3-46FF-91FE-13985290EC50}"
EndProject
Global
	GlobalSection(SolutionConfigurationPlatforms) = preSolution
		Debug|Any CPU = Debug|Any CPU
		Release|Any CPU = Release|Any CPU
	EndGlobalSection
	GlobalSection(ProjectConfigurationPlatforms) = postSolution
		{3EDA8A42-0904-4152-BD1E-67CC3E6439C0}.Debug|Any CPU.ActiveCfg = Debug|Any CPU
		{3EDA8A42-0904-4152-BD1E-67CC3E6439C0}.Debug|Any CPU.Build.0 = Debug|Any CPU
		{3EDA8A42-0904-4152-BD1E-67CC3E6439C0}.Release|Any CPU.ActiveCfg = Release|Any CPU
		{3EDA8A42-0904-4152-BD1E-67CC3E6439C0}.Release|Any CPU.Build.0 = Release|Any CPU
		{8ABFC110-602D-432F-B0A3-CEC79B97CC34}.Debug|Any CPU.ActiveCfg = Debug|Any CPU
		{8ABFC110-602D-432F-B0A3-CEC79B97CC34}.Debug|Any CPU.Build.0 = Debug|Any CPU
		{8ABFC110-602D-432F-B0A3-CEC79B97CC34}.Release|Any CPU.ActiveCfg = Release|Any CPU
		{8ABFC110-602D-432F-B0A3-CEC79B97CC34}.Release|Any CPU.Build.0 = Release|Any CPU
		{92E4E90E-A88C-44B4-84F4-E4331C32914A}.Debug|Any CPU.ActiveCfg = Debug|Any CPU
		{92E4E90E-A88C-44B4-84F4-E4331C32914A}.Debug|Any CPU.Build.0 = Debug|Any CPU
		{92E4E90E-A88C-44B4-84F4-E4331C32914A}.Release|Any CPU.ActiveCfg = Release|Any CPU
		{92E4E90E-A88C-44B4-84F4-E4331C32914A}.Release|Any CPU.Build.0 = Release|Any CPU
		{40ED9306-3BB3-46FF-91FE-13985290EC50}.Debug|Any CPU.ActiveCfg = Debug|Any CPU
		{40ED9306-3BB3-46FF-91FE-13985290EC50}.Debug|Any CPU.Build.0 = Debug|Any CPU
		{40ED9306-3BB3-46FF-91FE-13985290EC50}.Release|Any CPU.ActiveCfg = Release|Any CPU
		{40ED9306-3BB3-46FF-91FE-13985290EC50}.Release|Any CPU.Build.0 = Release|Any CPU
	EndGlobalSection
	GlobalSection(SolutionProperties) = preSolution
		HideSolutionNode = FALSE
	EndGlobalSection
	GlobalSection(ExtensibilityGlobals) = postSolution
		SolutionGuid = {B7570426-AA34-4993-A8C6-91725998F9A8}
	EndGlobalSection
EndGlobal
